
Microsoft Visual Studio Solution File, Format Version 12.00
# Visual Studio Version 16
VisualStudioVersion = 16.0.30804.86
MinimumVisualStudioVersion = 10.0.40219.1
Project("{FAE04EC0-301F-11D3-BF4B-00C04F79EFBC}") = "HarmonyTest", "HarmonyTest\HarmonyTest.csproj", "{AD435F9C-77C8-4055-9CB3-A922CDB4AE0C}"
EndProject
Global
	GlobalSection(SolutionConfigurationPlatforms) = preSolution
		Debug|Any CPU = Debug|Any CPU
		Release|Any CPU = Release|Any CPU
	EndGlobalSection
	GlobalSection(ProjectConfigurationPlatforms) = postSolution
		{AD435F9C-77C8-4055-9CB3-A922CDB4AE0C}.Debug|Any CPU.ActiveCfg = Debug|Any CPU
		{AD435F9C-77C8-4055-9CB3-A922CDB4AE0C}.Debug|Any CPU.Build.0 = Debug|Any CPU
		{AD435F9C-77C8-4055-9CB3-A922CDB4AE0C}.Release|Any CPU.ActiveCfg = Release|Any CPU
		{AD435F9C-77C8-4055-9CB3-A922CDB4AE0C}.Release|Any CPU.Build.0 = Release|Any CPU
	EndGlobalSection
	GlobalSection(SolutionProperties) = preSolution
		HideSolutionNode = FALSE
	EndGlobalSection
	GlobalSection(ExtensibilityGlobals) = postSolution
		SolutionGuid = {F2DDE7E3-6051-49A7-9CE1-B79AAED9C187}
	EndGlobalSection
EndGlobal
